<?xml version="1.0" encoding="utf-8"?>
<Project ToolsVersion="4.0" xmlns="http://schemas.microsoft.com/developer/msbuild/2003">
  <ItemGroup>
    <Filter Include="Source Files">
      <UniqueIdentifier>{4FC737F1-C7A5-4376-A066-2A32D752A2FF}</UniqueIdentifier>
      <Extensions>cpp;c;cc;cxx;c++;cppm;ixx;def;odl;idl;hpj;bat;asm;asmx</Extensions>
    </Filter>
    <Filter Include="Resource Files">
      <UniqueIdentifier>{67DA6AB6-F800-4c08-8B7A-83BB121AAD01}</UniqueIdentifier>
      <Extensions>rc;ico;cur;bmp;dlg;rc2;rct;bin;rgs;gif;jpg;jpeg;jpe;resx;tiff;tif;png;wav;mfcribbon-ms</Extensions>
    </Filter>
    <Filter Include="Header Files">
      <UniqueIdentifier>{f14422f6-5b60-4beb-b29b-3d8e82da8d33}</UniqueIdentifier>
    </Filter>
    <Filter Include="Header Files\Engine">
      <UniqueIdentifier>{28933de7-2a44-41cb-8f08-d300ec13923c}</UniqueIdentifier>
    </Filter>
    <Filter Include="Header Files\Engine\Core">
      <UniqueIdentifier>{49a8ac88-e0dc-434d-a2e3-f82eb0030c72}</UniqueIdentifier>
    </Filter>
    <Filter Include="Header Files\Lib">
      <UniqueIdentifier>{40fad62b-aa58-41ef-bf4b-9c3f1eb60902}</UniqueIdentifier>
    </Filter>
    <Filter Include="Source Files\public">
      <UniqueIdentifier>{ff86b2c9-86d1-4c08-85b2-eca1e82c5520}</UniqueIdentifier>
    </Filter>
    <Filter Include="Source Files\public\engine">
      <UniqueIdentifier>{eb67de2b-26b7-4b6f-951b-552838cc9c23}</UniqueIdentifier>
    </Filter>
    <Filter Include="Source Files\public\engine\core">
      <UniqueIdentifier>{27b46d64-7558-4174-86a8-574bde44b821}</UniqueIdentifier>
    </Filter>
    <Filter Include="Source Files\private">
      <UniqueIdentifier>{399afe2f-290b-4e65-a632-5cedfd39d322}</UniqueIdentifier>
    </Filter>
    <Filter Include="Source Files\private\engine">
      <UniqueIdentifier>{a94f7175-d5be-4d98-a591-a2042f6c0acc}</UniqueIdentifier>
    </Filter>
    <Filter Include="Source Files\private\platform">
      <UniqueIdentifier>{9e0c3d19-e2de-4654-86c4-557c359c062b}</UniqueIdentifier>
    </Filter>
    <Filter Include="Source Files\private\platform\win">
      <UniqueIdentifier>{9eb57e48-e131-4bf2-b701-02facc7cfee7}</UniqueIdentifier>
    </Filter>
    <Filter Include="Source Files\private\platform\emscripten">
      <UniqueIdentifier>{223f5500-89a1-4322-8ca7-9183ec763da8}</UniqueIdentifier>
    </Filter>
    <Filter Include="Source Files\private\engine\Input">
      <UniqueIdentifier>{3f9963d3-a709-4ef3-bdb6-9e33a94afa60}</UniqueIdentifier>
    </Filter>
    <Filter Include="Source Files\public\engine\core\input">
      <UniqueIdentifier>{77419545-3204-4588-a6c2-be94ddfb66ae}</UniqueIdentifier>
    </Filter>
    <Filter Include="Source Files\public\engine\core\Files">
      <UniqueIdentifier>{ea499f6f-f25b-4238-8908-2c01ea927f1f}</UniqueIdentifier>
    </Filter>
    <Filter Include="Source Files\private\platform\win\network">
      <UniqueIdentifier>{2121605b-b2d9-4cd5-9399-62ed3f61041a}</UniqueIdentifier>
    </Filter>
    <Filter Include="Source Files\private\platform\emscripten\network">
      <UniqueIdentifier>{7bbee227-aaec-4552-abb1-b908765bb193}</UniqueIdentifier>
    </Filter>
    <Filter Include="Source Files\public\network">
      <UniqueIdentifier>{e811b3e0-7fa3-4ed2-8a61-2f60299860c5}</UniqueIdentifier>
    </Filter>
    <Filter Include="Source Files\public\engine\core\render">
      <UniqueIdentifier>{02cc739b-bb34-4d27-8c44-9880af0c450c}</UniqueIdentifier>
    </Filter>
  </ItemGroup>
  <ItemGroup>
    <None Include="packages.config" />
    <None Include="resources\models.json">
      <Filter>Resource Files</Filter>
    </None>
    <None Include="resources\shaders\test.frag">
      <Filter>Resource Files</Filter>
    </None>
    <None Include="resources\shaders\test.vert">
      <Filter>Resource Files</Filter>
    </None>
  </ItemGroup>
  <ItemGroup>
    <ClInclude Include="lib\entt\entt.hpp">
      <Filter>Header Files\Lib</Filter>
    </ClInclude>
    <ClInclude Include="lib\glad\include\glad\glad.h">
      <Filter>Header Files\Lib</Filter>
    </ClInclude>
    <ClInclude Include="lib\glad\include\KHR\khrplatform.h">
      <Filter>Header Files\Lib</Filter>
    </ClInclude>
    <ClInclude Include="include\engine\core\GL.h">
      <Filter>Header Files\Engine\Core</Filter>
    </ClInclude>
    <ClInclude Include="src\engine\public\core\components.h">
      <Filter>Source Files\public\engine\core</Filter>
    </ClInclude>
    <ClInclude Include="src\engine\public\core\entity.h">
      <Filter>Source Files\public\engine\core</Filter>
    </ClInclude>
    <ClInclude Include="src\engine\public\core\resourceManager.h">
      <Filter>Source Files\public\engine\core</Filter>
    </ClInclude>
    <ClInclude Include="src\engine\public\core\singleton.h">
      <Filter>Source Files\public\engine\core</Filter>
    </ClInclude>
    <ClInclude Include="src\engine\public\core\types.h">
      <Filter>Source Files\public\engine\core</Filter>
    </ClInclude>
    <ClInclude Include="src\engine\public\core\world.h">
      <Filter>Source Files\public\engine\core</Filter>
    </ClInclude>
    <ClInclude Include="src\engine\public\core\Main.h">
      <Filter>Source Files\public\engine</Filter>
    </ClInclude>
    <ClInclude Include="src\engine\public\core\events.h">
      <Filter>Source Files\public\engine\core</Filter>
    </ClInclude>
    <ClInclude Include="lib\tiny_gltf\tiny_gltf.h">
      <Filter>Header Files\Lib</Filter>
    </ClInclude>
    <ClInclude Include="lib\tiny_gltf\json.hpp">
      <Filter>Header Files\Lib</Filter>
    </ClInclude>
    <ClInclude Include="lib\tiny_gltf\stb_image.h">
      <Filter>Header Files\Lib</Filter>
    </ClInclude>
    <ClInclude Include="lib\tiny_gltf\stb_image_write.h">
      <Filter>Header Files\Lib</Filter>
    </ClInclude>
    <ClInclude Include="src\engine\public\core\vectors.h">
      <Filter>Source Files\public\engine\core</Filter>
    </ClInclude>
    <ClInclude Include="src\engine\public\core\input.h">
      <Filter>Source Files\public\engine\core\input</Filter>
    </ClInclude>
    <ClInclude Include="src\engine\public\core\input\input_types.h">
      <Filter>Source Files\public\engine\core\input</Filter>
    </ClInclude>
    <ClInclude Include="src\engine\public\core\input\input_events.h">
      <Filter>Source Files\public\engine\core\input</Filter>
    </ClInclude>
    <ClInclude Include="src\engine\public\core\extensions.h">
      <Filter>Source Files\public\engine\core\Files</Filter>
    </ClInclude>
    <ClInclude Include="src\engine\public\core\fileLoader.h">
      <Filter>Source Files\public\engine\core\Files</Filter>
    </ClInclude>
    <ClInclude Include="src\engine\public\core\modelLookup.h">
      <Filter>Source Files\public\engine\core\Files</Filter>
    </ClInclude>
    <ClInclude Include="src\engine\public\core\files\gltf.h">
      <Filter>Source Files\public\engine\core\Files</Filter>
    </ClInclude>
    <ClInclude Include="src\network\messages.h">
      <Filter>Source Files\public\network</Filter>
    </ClInclude>
    <ClInclude Include="src\network\serialize.h">
      <Filter>Source Files\public\network</Filter>
    </ClInclude>
    <ClInclude Include="src\network\net_client.h">
      <Filter>Source Files\public\network</Filter>
    </ClInclude>
    <ClInclude Include="src\engine\public\core\shader.h">
      <Filter>Source Files\public\engine\core\render</Filter>
    </ClInclude>
    <ClInclude Include="src\engine\public\core\material.h">
      <Filter>Source Files\public\engine\core\render</Filter>
    </ClInclude>
    <ClInclude Include="src\network\remote_client.h">
      <Filter>Source Files\public\network</Filter>
    </ClInclude>
    <ClInclude Include="src\network\parser.h">
      <Filter>Source Files\public\network</Filter>
    </ClInclude>
  </ItemGroup>
  <ItemGroup>
    <ClCompile Include="lib\glad\src\glad.c">
      <Filter>Header Files\Lib</Filter>
    </ClCompile>
    <ClCompile Include="src\engine\private\core\modelLookup.cpp">
      <Filter>Source Files\private\engine</Filter>
    </ClCompile>
    <ClCompile Include="src\engine\private\core\resourceManager.cpp">
      <Filter>Source Files\private\engine</Filter>
    </ClCompile>
    <ClCompile Include="src\engine\private\core\world.cpp">
      <Filter>Source Files\private\engine</Filter>
    </ClCompile>
    <ClCompile Include="src\engine\private\core\entity.cpp">
      <Filter>Source Files\private\engine</Filter>
    </ClCompile>
    <ClCompile Include="src\platform\win\Main.cpp">
      <Filter>Source Files\private\platform\win</Filter>
    </ClCompile>
    <ClCompile Include="src\engine\private\core\components.cpp">
      <Filter>Source Files\private\engine</Filter>
    </ClCompile>
    <ClCompile Include="src\platform\win\inputWin.cpp">
      <Filter>Source Files\private\platform\win</Filter>
    </ClCompile>
    <ClCompile Include="src\engine\private\core\input.cpp">
      <Filter>Source Files\private\engine\Input</Filter>
    </ClCompile>
    <ClCompile Include="src\platform\emscripten\inputEms.cpp">
      <Filter>Source Files\private\platform\emscripten</Filter>
    </ClCompile>
    <ClCompile Include="src\platform\emscripten\Main.cpp">
      <Filter>Source Files\private\platform\emscripten</Filter>
    </ClCompile>
    <ClCompile Include="src\engine\private\core\material.cpp">
      <Filter>Source Files\private\engine</Filter>
    </ClCompile>
    <ClCompile Include="src\engine\private\core\shader.cpp">
      <Filter>Source Files\private\engine</Filter>
    </ClCompile>
    <ClCompile Include="src\platform\win\components.cpp">
      <Filter>Source Files\private\platform\win</Filter>
    </ClCompile>
    <ClCompile Include="src\engine\private\core\files\gltf.cpp">
      <Filter>Source Files\private\engine</Filter>
    </ClCompile>
    <ClCompile Include="src\engine\private\core\files\vectors.cpp">
      <Filter>Source Files\private\engine</Filter>
    </ClCompile>
    <ClCompile Include="src\platform\win\network\net_client.cpp">
      <Filter>Source Files\private\platform\win\network</Filter>
    </ClCompile>
    <ClCompile Include="src\platform\emscripten\network\net_client.cpp">
      <Filter>Source Files\private\platform\emscripten\network</Filter>
    </ClCompile>
    <ClCompile Include="src\network\private\remote_client.cpp">
      <Filter>Source Files\public\network</Filter>
    </ClCompile>
  </ItemGroup>
  <ItemGroup>
    <Image Include="resources\textures\test.png">
      <Filter>Resource Files</Filter>
    </Image>
  </ItemGroup>
</Project>